
Microsoft Visual Studio Solution File, Format Version 12.00
# Visual Studio Version 17
VisualStudioVersion = 17.9.34622.214
MinimumVisualStudioVersion = 10.0.40219.1
Project("{FAE04EC0-301F-11D3-BF4B-00C04F79EFBC}") = "ЛР2 Приклад 4", "ЛР2 Приклад 4\ЛР2 Приклад 4.csproj", "{5018DA27-44EE-49D6-9F70-F21D21CEF725}"
EndProject
Global
	GlobalSection(SolutionConfigurationPlatforms) = preSolution
		Debug|Any CPU = Debug|Any CPU
		Release|Any CPU = Release|Any CPU
	EndGlobalSection
	GlobalSection(ProjectConfigurationPlatforms) = postSolution
		{5018DA27-44EE-49D6-9F70-F21D21CEF725}.Debug|Any CPU.ActiveCfg = Debug|Any CPU
		{5018DA27-44EE-49D6-9F70-F21D21CEF725}.Debug|Any CPU.Build.0 = Debug|Any CPU
		{5018DA27-44EE-49D6-9F70-F21D21CEF725}.Release|Any CPU.ActiveCfg = Release|Any CPU
		{5018DA27-44EE-49D6-9F70-F21D21CEF725}.Release|Any CPU.Build.0 = Release|Any CPU
	EndGlobalSection
	GlobalSection(SolutionProperties) = preSolution
		HideSolutionNode = FALSE
	EndGlobalSection
	GlobalSection(ExtensibilityGlobals) = postSolution
		SolutionGuid = {58E47545-F932-43B9-B480-EE669B1D9F50}
	EndGlobalSection
EndGlobal
