
Microsoft Visual Studio Solution File, Format Version 12.00
# Visual Studio Version 17
VisualStudioVersion = 17.9.34622.214
MinimumVisualStudioVersion = 10.0.40219.1
Project("{FAE04EC0-301F-11D3-BF4B-00C04F79EFBC}") = "ЛР2 Приклад 2", "ЛР2 Приклад 2\ЛР2 Приклад 2.csproj", "{76222EC9-CE76-4007-8802-3FB88FFBBC49}"
EndProject
Global
	GlobalSection(SolutionConfigurationPlatforms) = preSolution
		Debug|Any CPU = Debug|Any CPU
		Release|Any CPU = Release|Any CPU
	EndGlobalSection
	GlobalSection(ProjectConfigurationPlatforms) = postSolution
		{76222EC9-CE76-4007-8802-3FB88FFBBC49}.Debug|Any CPU.ActiveCfg = Debug|Any CPU
		{76222EC9-CE76-4007-8802-3FB88FFBBC49}.Debug|Any CPU.Build.0 = Debug|Any CPU
		{76222EC9-CE76-4007-8802-3FB88FFBBC49}.Release|Any CPU.ActiveCfg = Release|Any CPU
		{76222EC9-CE76-4007-8802-3FB88FFBBC49}.Release|Any CPU.Build.0 = Release|Any CPU
	EndGlobalSection
	GlobalSection(SolutionProperties) = preSolution
		HideSolutionNode = FALSE
	EndGlobalSection
	GlobalSection(ExtensibilityGlobals) = postSolution
		SolutionGuid = {C9E430DB-E703-4C76-8829-8A7294839E83}
	EndGlobalSection
EndGlobal
